// !$*UTF8*$!
{
	archiveVersion = 1;
	classes = {
	};
	objectVersion = 70;
	objects = {

/* Begin PBXBuildFile section */
		446CC7922EE6D9FB007C2F07 /* NBAAPIService.swift in Sources */ = {isa = PBXBuildFile; fileRef = 446CC7792EE6D9FB007C2F07 /* NBAAPIService.swift */; };
		446CC7932EE6D9FB007C2F07 /* NBAModels.swift in Sources */ = {isa = PBXBuildFile; fileRef = 446CC77A2EE6D9FB007C2F07 /* NBAModels.swift */; };
		446CC79C2EE6D9FB007C2F07 /* players_db.json in Resources */ = {isa = PBXBuildFile; fileRef = 446CC77B2EE6D9FB007C2F07 /* players_db.json */; };
		446CC7A22EE6DF12007C2F07 /* WidgetKit.framework in Frameworks */ = {isa = PBXBuildFile; fileRef = D0F577A32DDF5538005F1BF4 /* WidgetKit.framework */; };
		446CC7A32EE6DF12007C2F07 /* SwiftUI.framework in Frameworks */ = {isa = PBXBuildFile; fileRef = D0F577A52DDF5538005F1BF4 /* SwiftUI.framework */; };
		446CC7B42EE6DF13007C2F07 /* BoxScoreWidgetExtensionExtension.appex in Embed Foundation Extensions */ = {isa = PBXBuildFile; fileRef = 446CC7A12EE6DF12007C2F07 /* BoxScoreWidgetExtensionExtension.appex */; settings = {ATTRIBUTES = (RemoveHeadersOnCopy, ); }; };
		D04924772DF3FB02008DC731 /* SettingsView.swift in Sources */ = {isa = PBXBuildFile; fileRef = D04924752DF3FB02008DC731 /* SettingsView.swift */; };
		D04924782DF3FB02008DC731 /* WidgetDetailView.swift in Sources */ = {isa = PBXBuildFile; fileRef = D04924762DF3FB02008DC731 /* WidgetDetailView.swift */; };
		D04924832DF722E5008DC731 /* SubscriptionManager.swift in Sources */ = {isa = PBXBuildFile; fileRef = D04924822DF722E5008DC731 /* SubscriptionManager.swift */; };
		D04924862DF9B745008DC731 /* PremiumWidgetView.swift in Sources */ = {isa = PBXBuildFile; fileRef = D04924842DF9B745008DC731 /* PremiumWidgetView.swift */; };
		D04924872DF9B745008DC731 /* SubscriptionHelper.swift in Sources */ = {isa = PBXBuildFile; fileRef = D04924852DF9B745008DC731 /* SubscriptionHelper.swift */; };
		D05507952DF0870C00D73287 /* Fonts in Resources */ = {isa = PBXBuildFile; fileRef = D05507902DF0792600D73287 /* Fonts */; };
		D08EA1652DEC7EF4007D5E8D /* DriverIntent.intentdefinition in Sources */ = {isa = PBXBuildFile; fileRef = D08EA15C2DEC52D4007D5E8D /* DriverIntent.intentdefinition */; };
		D08EA1682DEC80AC007D5E8D /* ConfigureDriver.swift in Sources */ = {isa = PBXBuildFile; fileRef = D08EA1662DEC80AC007D5E8D /* ConfigureDriver.swift */; };
		D08EA16A2DEC80AC007D5E8D /* DriverAppEnum.swift in Sources */ = {isa = PBXBuildFile; fileRef = D08EA1672DEC80AC007D5E8D /* DriverAppEnum.swift */; };
		D08EA16D2DEC8FC6007D5E8D /* F1RaceWidget.swift in Sources */ = {isa = PBXBuildFile; fileRef = D0F577B82DDF5568005F1BF4 /* F1RaceWidget.swift */; };
		D08EA16F2DEDAEBF007D5E8D /* ConstructorIntent.intentdefinition in Sources */ = {isa = PBXBuildFile; fileRef = D08EA16E2DEDAEBF007D5E8D /* ConstructorIntent.intentdefinition */; };
		D08EA17B2DEDAFB2007D5E8D /* ConstructorAppEnum.swift in Sources */ = {isa = PBXBuildFile; fileRef = D08EA17A2DEDAFB2007D5E8D /* ConstructorAppEnum.swift */; };
		D08EA19F2DEDDACC007D5E8D /* ConfigureConstructor.swift in Sources */ = {isa = PBXBuildFile; fileRef = D08EA19E2DEDDACC007D5E8D /* ConfigureConstructor.swift */; };
		D0F577742DDF5334005F1BF4 /* gridnextappApp.swift in Sources */ = {isa = PBXBuildFile; fileRef = D0F577732DDF5334005F1BF4 /* gridnextappApp.swift */; };
		D0F577762DDF5334005F1BF4 /* ContentView.swift in Sources */ = {isa = PBXBuildFile; fileRef = D0F577752DDF5334005F1BF4 /* ContentView.swift */; };
		D0F577782DDF5335005F1BF4 /* Assets.xcassets in Resources */ = {isa = PBXBuildFile; fileRef = D0F577772DDF5335005F1BF4 /* Assets.xcassets */; };
		D0F5777B2DDF5335005F1BF4 /* Preview Assets.xcassets in Resources */ = {isa = PBXBuildFile; fileRef = D0F5777A2DDF5335005F1BF4 /* Preview Assets.xcassets */; };
		D0F577852DDF5336005F1BF4 /* gridnextappTests.swift in Sources */ = {isa = PBXBuildFile; fileRef = D0F577842DDF5336005F1BF4 /* gridnextappTests.swift */; };
		D0F5778F2DDF5336005F1BF4 /* gridnextappUITests.swift in Sources */ = {isa = PBXBuildFile; fileRef = D0F5778E2DDF5336005F1BF4 /* gridnextappUITests.swift */; };
		D0F577912DDF5336005F1BF4 /* gridnextappUITestsLaunchTests.swift in Sources */ = {isa = PBXBuildFile; fileRef = D0F577902DDF5336005F1BF4 /* gridnextappUITestsLaunchTests.swift */; };
		D0F577C52DE13672005F1BF4 /* F1RaceView.swift in Sources */ = {isa = PBXBuildFile; fileRef = D0F577C42DE13672005F1BF4 /* F1RaceView.swift */; };
		D0F577DC2DE1387C005F1BF4 /* F1SharedData.swift in Sources */ = {isa = PBXBuildFile; fileRef = D0F577DA2DE1387C005F1BF4 /* F1SharedData.swift */; };
		D0F577DD2DE1387C005F1BF4 /* F1RaceModel.swift in Sources */ = {isa = PBXBuildFile; fileRef = D0F577DB2DE1387C005F1BF4 /* F1RaceModel.swift */; };
		D0F577E12DE13967005F1BF4 /* F1RaceStyle.swift in Sources */ = {isa = PBXBuildFile; fileRef = D0F577E02DE13967005F1BF4 /* F1RaceStyle.swift */; };
/* End PBXBuildFile section */

/* Begin PBXContainerItemProxy section */
		446CC7B22EE6DF13007C2F07 /* PBXContainerItemProxy */ = {
			isa = PBXContainerItemProxy;
			containerPortal = D0F577682DDF5334005F1BF4 /* Project object */;
			proxyType = 1;
			remoteGlobalIDString = 446CC7A02EE6DF12007C2F07;
			remoteInfo = BoxScoreWidgetExtensionExtension;
		};
		D0F577812DDF5336005F1BF4 /* PBXContainerItemProxy */ = {
			isa = PBXContainerItemProxy;
			containerPortal = D0F577682DDF5334005F1BF4 /* Project object */;
			proxyType = 1;
			remoteGlobalIDString = D0F5776F2DDF5334005F1BF4;
			remoteInfo = gridnextapp;
		};
		D0F5778B2DDF5336005F1BF4 /* PBXContainerItemProxy */ = {
			isa = PBXContainerItemProxy;
			containerPortal = D0F577682DDF5334005F1BF4 /* Project object */;
			proxyType = 1;
			remoteGlobalIDString = D0F5776F2DDF5334005F1BF4;
			remoteInfo = gridnextapp;
		};
/* End PBXContainerItemProxy section */

/* Begin PBXCopyFilesBuildPhase section */
		D0F577B42DDF5539005F1BF4 /* Embed Foundation Extensions */ = {
			isa = PBXCopyFilesBuildPhase;
			buildActionMask = 8;
			dstPath = "";
			dstSubfolderSpec = 13;
			files = (
				446CC7B42EE6DF13007C2F07 /* BoxScoreWidgetExtensionExtension.appex in Embed Foundation Extensions */,
			);
			name = "Embed Foundation Extensions";
			runOnlyForDeploymentPostprocessing = 1;
		};
/* End PBXCopyFilesBuildPhase section */

/* Begin PBXFileReference section */
		446CC7782EE6D9FB007C2F07 /* BoxScoreWidgetExtension.entitlements */ = {isa = PBXFileReference; lastKnownFileType = text.plist.entitlements; path = BoxScoreWidgetExtension.entitlements; sourceTree = "<group>"; };
		446CC7792EE6D9FB007C2F07 /* NBAAPIService.swift */ = {isa = PBXFileReference; lastKnownFileType = sourcecode.swift; path = NBAAPIService.swift; sourceTree = "<group>"; };
		446CC77A2EE6D9FB007C2F07 /* NBAModels.swift */ = {isa = PBXFileReference; lastKnownFileType = sourcecode.swift; path = NBAModels.swift; sourceTree = "<group>"; };
		446CC77B2EE6D9FB007C2F07 /* players_db.json */ = {isa = PBXFileReference; lastKnownFileType = text.json; path = players_db.json; sourceTree = "<group>"; };
		446CC7A12EE6DF12007C2F07 /* BoxScoreWidgetExtensionExtension.appex */ = {isa = PBXFileReference; explicitFileType = "wrapper.app-extension"; includeInIndex = 0; path = BoxScoreWidgetExtensionExtension.appex; sourceTree = BUILT_PRODUCTS_DIR; };
		D04924752DF3FB02008DC731 /* SettingsView.swift */ = {isa = PBXFileReference; fileEncoding = 4; lastKnownFileType = sourcecode.swift; name = SettingsView.swift; path = gridnextapp/SettingsView.swift; sourceTree = "<group>"; };
		D04924762DF3FB02008DC731 /* WidgetDetailView.swift */ = {isa = PBXFileReference; fileEncoding = 4; lastKnownFileType = sourcecode.swift; name = WidgetDetailView.swift; path = gridnextapp/WidgetDetailView.swift; sourceTree = "<group>"; };
		D04924822DF722E5008DC731 /* SubscriptionManager.swift */ = {isa = PBXFileReference; fileEncoding = 4; lastKnownFileType = sourcecode.swift; path = SubscriptionManager.swift; sourceTree = "<group>"; };
		D04924842DF9B745008DC731 /* PremiumWidgetView.swift */ = {isa = PBXFileReference; fileEncoding = 4; lastKnownFileType = sourcecode.swift; path = PremiumWidgetView.swift; sourceTree = "<group>"; };
		D04924852DF9B745008DC731 /* SubscriptionHelper.swift */ = {isa = PBXFileReference; fileEncoding = 4; lastKnownFileType = sourcecode.swift; path = SubscriptionHelper.swift; sourceTree = "<group>"; };
		D05507902DF0792600D73287 /* Fonts */ = {isa = PBXFileReference; lastKnownFileType = folder; path = Fonts; sourceTree = "<group>"; };
		D08EA1192DEAE4E5007D5E8D /* F1RaceResultBundle.swift */ = {isa = PBXFileReference; lastKnownFileType = sourcecode.swift; path = F1RaceResultBundle.swift; sourceTree = "<group>"; };
		D08EA11B2DEAE4E5007D5E8D /* F1RaceResultLiveActivity.swift */ = {isa = PBXFileReference; lastKnownFileType = sourcecode.swift; path = F1RaceResultLiveActivity.swift; sourceTree = "<group>"; };
		D08EA11D2DEAE4E5007D5E8D /* F1RaceResult.swift */ = {isa = PBXFileReference; lastKnownFileType = sourcecode.swift; path = F1RaceResult.swift; sourceTree = "<group>"; };
		D08EA11F2DEAE4E6007D5E8D /* Assets.xcassets */ = {isa = PBXFileReference; lastKnownFileType = folder.assetcatalog; path = Assets.xcassets; sourceTree = "<group>"; };
		D08EA1212DEAE4E6007D5E8D /* Info.plist */ = {isa = PBXFileReference; lastKnownFileType = text.plist.xml; path = Info.plist; sourceTree = "<group>"; };
		D08EA1282DEAE500007D5E8D /* F1RaceResultExtension.entitlements */ = {isa = PBXFileReference; lastKnownFileType = text.plist.entitlements; path = F1RaceResultExtension.entitlements; sourceTree = "<group>"; };
		D08EA15C2DEC52D4007D5E8D /* DriverIntent.intentdefinition */ = {isa = PBXFileReference; lastKnownFileType = file.intentdefinition; path = DriverIntent.intentdefinition; sourceTree = "<group>"; };
		D08EA15F2DEC52F6007D5E8D /* Info.plist */ = {isa = PBXFileReference; lastKnownFileType = text.plist.xml; path = Info.plist; sourceTree = "<group>"; };
		D08EA1662DEC80AC007D5E8D /* ConfigureDriver.swift */ = {isa = PBXFileReference; lastKnownFileType = sourcecode.swift; path = ConfigureDriver.swift; sourceTree = "<group>"; };
		D08EA1672DEC80AC007D5E8D /* DriverAppEnum.swift */ = {isa = PBXFileReference; lastKnownFileType = sourcecode.swift; path = DriverAppEnum.swift; sourceTree = "<group>"; };
		D08EA16E2DEDAEBF007D5E8D /* ConstructorIntent.intentdefinition */ = {isa = PBXFileReference; lastKnownFileType = file.intentdefinition; path = ConstructorIntent.intentdefinition; sourceTree = "<group>"; };
		D08EA17A2DEDAFB2007D5E8D /* ConstructorAppEnum.swift */ = {isa = PBXFileReference; lastKnownFileType = sourcecode.swift; path = ConstructorAppEnum.swift; sourceTree = "<group>"; };
		D08EA19E2DEDDACC007D5E8D /* ConfigureConstructor.swift */ = {isa = PBXFileReference; fileEncoding = 4; lastKnownFileType = sourcecode.swift; path = ConfigureConstructor.swift; sourceTree = "<group>"; };
		D08EA1A42DEDE611007D5E8D /* Assets.xcassets */ = {isa = PBXFileReference; lastKnownFileType = folder.assetcatalog; name = Assets.xcassets; path = gridnextapp/Assets.xcassets; sourceTree = "<group>"; };
		D0F577702DDF5334005F1BF4 /* boxscorewidget.app */ = {isa = PBXFileReference; explicitFileType = wrapper.application; includeInIndex = 0; path = boxscorewidget.app; sourceTree = BUILT_PRODUCTS_DIR; };
		D0F577732DDF5334005F1BF4 /* gridnextappApp.swift */ = {isa = PBXFileReference; lastKnownFileType = sourcecode.swift; path = gridnextappApp.swift; sourceTree = "<group>"; };
		D0F577752DDF5334005F1BF4 /* ContentView.swift */ = {isa = PBXFileReference; lastKnownFileType = sourcecode.swift; path = ContentView.swift; sourceTree = "<group>"; };
		D0F577772DDF5335005F1BF4 /* Assets.xcassets */ = {isa = PBXFileReference; lastKnownFileType = folder.assetcatalog; path = Assets.xcassets; sourceTree = "<group>"; };
		D0F5777A2DDF5335005F1BF4 /* Preview Assets.xcassets */ = {isa = PBXFileReference; lastKnownFileType = folder.assetcatalog; path = "Preview Assets.xcassets"; sourceTree = "<group>"; };
		D0F577802DDF5336005F1BF4 /* gridnextappTests.xctest */ = {isa = PBXFileReference; explicitFileType = wrapper.cfbundle; includeInIndex = 0; path = gridnextappTests.xctest; sourceTree = BUILT_PRODUCTS_DIR; };
		D0F577842DDF5336005F1BF4 /* gridnextappTests.swift */ = {isa = PBXFileReference; lastKnownFileType = sourcecode.swift; path = gridnextappTests.swift; sourceTree = "<group>"; };
		D0F5778A2DDF5336005F1BF4 /* gridnextappUITests.xctest */ = {isa = PBXFileReference; explicitFileType = wrapper.cfbundle; includeInIndex = 0; path = gridnextappUITests.xctest; sourceTree = BUILT_PRODUCTS_DIR; };
		D0F5778E2DDF5336005F1BF4 /* gridnextappUITests.swift */ = {isa = PBXFileReference; lastKnownFileType = sourcecode.swift; path = gridnextappUITests.swift; sourceTree = "<group>"; };
		D0F577902DDF5336005F1BF4 /* gridnextappUITestsLaunchTests.swift */ = {isa = PBXFileReference; lastKnownFileType = sourcecode.swift; path = gridnextappUITestsLaunchTests.swift; sourceTree = "<group>"; };
		D0F577A32DDF5538005F1BF4 /* WidgetKit.framework */ = {isa = PBXFileReference; lastKnownFileType = wrapper.framework; name = WidgetKit.framework; path = System/Library/Frameworks/WidgetKit.framework; sourceTree = SDKROOT; };
		D0F577A52DDF5538005F1BF4 /* SwiftUI.framework */ = {isa = PBXFileReference; lastKnownFileType = wrapper.framework; name = SwiftUI.framework; path = System/Library/Frameworks/SwiftUI.framework; sourceTree = SDKROOT; };
		D0F577AE2DDF5539005F1BF4 /* Assets.xcassets */ = {isa = PBXFileReference; lastKnownFileType = folder.assetcatalog; path = Assets.xcassets; sourceTree = "<group>"; };
		D0F577B02DDF5539005F1BF4 /* Info.plist */ = {isa = PBXFileReference; lastKnownFileType = text.plist.xml; path = Info.plist; sourceTree = "<group>"; };
		D0F577B82DDF5568005F1BF4 /* F1RaceWidget.swift */ = {isa = PBXFileReference; fileEncoding = 4; lastKnownFileType = sourcecode.swift; path = F1RaceWidget.swift; sourceTree = "<group>"; };
		D0F577BA2DDF5568005F1BF4 /* F1RaceWidgetBundle.swift */ = {isa = PBXFileReference; fileEncoding = 4; lastKnownFileType = sourcecode.swift; path = F1RaceWidgetBundle.swift; sourceTree = "<group>"; };
		D0F577C12DE13621005F1BF4 /* gridnextapp.entitlements */ = {isa = PBXFileReference; lastKnownFileType = text.plist.entitlements; path = gridnextapp.entitlements; sourceTree = "<group>"; };
		D0F577C42DE13672005F1BF4 /* F1RaceView.swift */ = {isa = PBXFileReference; fileEncoding = 4; lastKnownFileType = sourcecode.swift; path = F1RaceView.swift; sourceTree = "<group>"; };
		D0F577C62DE13698005F1BF4 /* F1RaceWidgetExtension.entitlements */ = {isa = PBXFileReference; lastKnownFileType = text.plist.entitlements; path = F1RaceWidgetExtension.entitlements; sourceTree = "<group>"; };
		D0F577DA2DE1387C005F1BF4 /* F1SharedData.swift */ = {isa = PBXFileReference; fileEncoding = 4; lastKnownFileType = sourcecode.swift; path = F1SharedData.swift; sourceTree = "<group>"; };
		D0F577DB2DE1387C005F1BF4 /* F1RaceModel.swift */ = {isa = PBXFileReference; fileEncoding = 4; lastKnownFileType = sourcecode.swift; path = F1RaceModel.swift; sourceTree = "<group>"; };
		D0F577E02DE13967005F1BF4 /* F1RaceStyle.swift */ = {isa = PBXFileReference; fileEncoding = 4; lastKnownFileType = sourcecode.swift; path = F1RaceStyle.swift; sourceTree = "<group>"; };
/* End PBXFileReference section */

/* Begin PBXFileSystemSynchronizedBuildFileExceptionSet section */
		446CC7B72EE6DF13007C2F07 /* PBXFileSystemSynchronizedBuildFileExceptionSet */ = {
			isa = PBXFileSystemSynchronizedBuildFileExceptionSet;
			membershipExceptions = (
				Info.plist,
			);
			target = 446CC7A02EE6DF12007C2F07 /* BoxScoreWidgetExtensionExtension */;
		};
		446CC7B92EE6DF2E007C2F07 /* PBXFileSystemSynchronizedBuildFileExceptionSet */ = {
			isa = PBXFileSystemSynchronizedBuildFileExceptionSet;
			membershipExceptions = (
				CountdownWidget.swift,
				LastGamesWidget.swift,
				NextGamesWidget.swift,
				PlayerLastGameWidget.swift,
				SeasonAverageWidget.swift,
				TeamStandingWidget.swift,
			);
			target = D0F5776F2DDF5334005F1BF4 /* boxscorewidget */;
		};
/* End PBXFileSystemSynchronizedBuildFileExceptionSet section */

/* Begin PBXFileSystemSynchronizedRootGroup section */
		446CC7A42EE6DF12007C2F07 /* BoxScoreWidgetExtension */ = {isa = PBXFileSystemSynchronizedRootGroup; exceptions = (446CC7B92EE6DF2E007C2F07 /* PBXFileSystemSynchronizedBuildFileExceptionSet */, 446CC7B72EE6DF13007C2F07 /* PBXFileSystemSynchronizedBuildFileExceptionSet */, ); explicitFileTypes = {}; explicitFolders = (); path = BoxScoreWidgetExtension; sourceTree = "<group>"; };
/* End PBXFileSystemSynchronizedRootGroup section */

/* Begin PBXFrameworksBuildPhase section */
		446CC79E2EE6DF12007C2F07 /* Frameworks */ = {
			isa = PBXFrameworksBuildPhase;
			buildActionMask = 2147483647;
			files = (
				446CC7A32EE6DF12007C2F07 /* SwiftUI.framework in Frameworks */,
				446CC7A22EE6DF12007C2F07 /* WidgetKit.framework in Frameworks */,
			);
			runOnlyForDeploymentPostprocessing = 0;
		};
		D0F5776D2DDF5334005F1BF4 /* Frameworks */ = {
			isa = PBXFrameworksBuildPhase;
			buildActionMask = 2147483647;
			files = (
			);
			runOnlyForDeploymentPostprocessing = 0;
		};
		D0F5777D2DDF5336005F1BF4 /* Frameworks */ = {
			isa = PBXFrameworksBuildPhase;
			buildActionMask = 2147483647;
			files = (
			);
			runOnlyForDeploymentPostprocessing = 0;
		};
		D0F577872DDF5336005F1BF4 /* Frameworks */ = {
			isa = PBXFrameworksBuildPhase;
			buildActionMask = 2147483647;
			files = (
			);
			runOnlyForDeploymentPostprocessing = 0;
		};
/* End PBXFrameworksBuildPhase section */

/* Begin PBXGroup section */
		446CC7772EE6D9FB007C2F07 /* BoxScoreWidget */ = {
			isa = PBXGroup;
			children = (
			);
			path = BoxScoreWidget;
			sourceTree = "<group>";
		};
		D08EA1182DEAE4E5007D5E8D /* F1RaceResult */ = {
			isa = PBXGroup;
			children = (
				D08EA1192DEAE4E5007D5E8D /* F1RaceResultBundle.swift */,
				D08EA11B2DEAE4E5007D5E8D /* F1RaceResultLiveActivity.swift */,
				D08EA11D2DEAE4E5007D5E8D /* F1RaceResult.swift */,
				D08EA11F2DEAE4E6007D5E8D /* Assets.xcassets */,
				D08EA1212DEAE4E6007D5E8D /* Info.plist */,
			);
			path = F1RaceResult;
			sourceTree = "<group>";
		};
		D0F577672DDF5334005F1BF4 = {
			isa = PBXGroup;
			children = (
				D04924752DF3FB02008DC731 /* SettingsView.swift */,
				D04924762DF3FB02008DC731 /* WidgetDetailView.swift */,
				D08EA1A42DEDE611007D5E8D /* Assets.xcassets */,
				D08EA19E2DEDDACC007D5E8D /* ConfigureConstructor.swift */,
				D08EA17A2DEDAFB2007D5E8D /* ConstructorAppEnum.swift */,
				D08EA1662DEC80AC007D5E8D /* ConfigureDriver.swift */,
				D08EA1672DEC80AC007D5E8D /* DriverAppEnum.swift */,
				D08EA15C2DEC52D4007D5E8D /* DriverIntent.intentdefinition */,
				D08EA16E2DEDAEBF007D5E8D /* ConstructorIntent.intentdefinition */,
				D08EA1282DEAE500007D5E8D /* F1RaceResultExtension.entitlements */,
				D0F577E02DE13967005F1BF4 /* F1RaceStyle.swift */,
				D0F577DB2DE1387C005F1BF4 /* F1RaceModel.swift */,
				D0F577DA2DE1387C005F1BF4 /* F1SharedData.swift */,
				D0F577C62DE13698005F1BF4 /* F1RaceWidgetExtension.entitlements */,
				D0F577722DDF5334005F1BF4 /* gridnextapp */,
				D0F577832DDF5336005F1BF4 /* gridnextappTests */,
				D0F5778D2DDF5336005F1BF4 /* gridnextappUITests */,
				D0F577A72DDF5538005F1BF4 /* F1RaceWidget */,
				D08EA1182DEAE4E5007D5E8D /* F1RaceResult */,
				446CC7A42EE6DF12007C2F07 /* BoxScoreWidgetExtension */,
				D0F577A22DDF5538005F1BF4 /* Frameworks */,
				D0F577712DDF5334005F1BF4 /* Products */,
				446CC7772EE6D9FB007C2F07 /* BoxScoreWidget */,
				446CC7782EE6D9FB007C2F07 /* BoxScoreWidgetExtension.entitlements */,
				446CC7792EE6D9FB007C2F07 /* NBAAPIService.swift */,
				446CC77A2EE6D9FB007C2F07 /* NBAModels.swift */,
				446CC77B2EE6D9FB007C2F07 /* players_db.json */,
			);
			sourceTree = "<group>";
		};
		D0F577712DDF5334005F1BF4 /* Products */ = {
			isa = PBXGroup;
			children = (
				D0F577702DDF5334005F1BF4 /* boxscorewidget.app */,
				D0F577802DDF5336005F1BF4 /* gridnextappTests.xctest */,
				D0F5778A2DDF5336005F1BF4 /* gridnextappUITests.xctest */,
				446CC7A12EE6DF12007C2F07 /* BoxScoreWidgetExtensionExtension.appex */,
			);
			name = Products;
			sourceTree = "<group>";
		};
		D0F577722DDF5334005F1BF4 /* gridnextapp */ = {
			isa = PBXGroup;
			children = (
				D04924852DF9B745008DC731 /* SubscriptionHelper.swift */,
				D04924842DF9B745008DC731 /* PremiumWidgetView.swift */,
				D04924822DF722E5008DC731 /* SubscriptionManager.swift */,
				D05507902DF0792600D73287 /* Fonts */,
				D08EA15F2DEC52F6007D5E8D /* Info.plist */,
				D0F577C42DE13672005F1BF4 /* F1RaceView.swift */,
				D0F577C12DE13621005F1BF4 /* gridnextapp.entitlements */,
				D0F577732DDF5334005F1BF4 /* gridnextappApp.swift */,
				D0F577752DDF5334005F1BF4 /* ContentView.swift */,
				D0F577772DDF5335005F1BF4 /* Assets.xcassets */,
				D0F577792DDF5335005F1BF4 /* Preview Content */,
			);
			path = gridnextapp;
			sourceTree = "<group>";
		};
		D0F577792DDF5335005F1BF4 /* Preview Content */ = {
			isa = PBXGroup;
			children = (
				D0F5777A2DDF5335005F1BF4 /* Preview Assets.xcassets */,
			);
			path = "Preview Content";
			sourceTree = "<group>";
		};
		D0F577832DDF5336005F1BF4 /* gridnextappTests */ = {
			isa = PBXGroup;
			children = (
				D0F577842DDF5336005F1BF4 /* gridnextappTests.swift */,
			);
			path = gridnextappTests;
			sourceTree = "<group>";
		};
		D0F5778D2DDF5336005F1BF4 /* gridnextappUITests */ = {
			isa = PBXGroup;
			children = (
				D0F5778E2DDF5336005F1BF4 /* gridnextappUITests.swift */,
				D0F577902DDF5336005F1BF4 /* gridnextappUITestsLaunchTests.swift */,
			);
			path = gridnextappUITests;
			sourceTree = "<group>";
		};
		D0F577A22DDF5538005F1BF4 /* Frameworks */ = {
			isa = PBXGroup;
			children = (
				D0F577A32DDF5538005F1BF4 /* WidgetKit.framework */,
				D0F577A52DDF5538005F1BF4 /* SwiftUI.framework */,
			);
			name = Frameworks;
			sourceTree = "<group>";
		};
		D0F577A72DDF5538005F1BF4 /* F1RaceWidget */ = {
			isa = PBXGroup;
			children = (
				D0F577B82DDF5568005F1BF4 /* F1RaceWidget.swift */,
				D0F577BA2DDF5568005F1BF4 /* F1RaceWidgetBundle.swift */,
				D0F577AE2DDF5539005F1BF4 /* Assets.xcassets */,
				D0F577B02DDF5539005F1BF4 /* Info.plist */,
			);
			path = F1RaceWidget;
			sourceTree = "<group>";
		};
/* End PBXGroup section */

/* Begin PBXNativeTarget section */
		446CC7A02EE6DF12007C2F07 /* BoxScoreWidgetExtensionExtension */ = {
			isa = PBXNativeTarget;
			buildConfigurationList = 446CC7B82EE6DF13007C2F07 /* Build configuration list for PBXNativeTarget "BoxScoreWidgetExtensionExtension" */;
			buildPhases = (
				446CC79D2EE6DF12007C2F07 /* Sources */,
				446CC79E2EE6DF12007C2F07 /* Frameworks */,
				446CC79F2EE6DF12007C2F07 /* Resources */,
			);
			buildRules = (
			);
			dependencies = (
			);
			fileSystemSynchronizedGroups = (
				446CC7A42EE6DF12007C2F07 /* BoxScoreWidgetExtension */,
			);
			name = BoxScoreWidgetExtensionExtension;
			packageProductDependencies = (
			);
			productName = BoxScoreWidgetExtensionExtension;
			productReference = 446CC7A12EE6DF12007C2F07 /* BoxScoreWidgetExtensionExtension.appex */;
			productType = "com.apple.product-type.app-extension";
		};
		D0F5776F2DDF5334005F1BF4 /* boxscorewidget */ = {
			isa = PBXNativeTarget;
			buildConfigurationList = D0F577942DDF5336005F1BF4 /* Build configuration list for PBXNativeTarget "boxscorewidget" */;
			buildPhases = (
				D0F5776C2DDF5334005F1BF4 /* Sources */,
				D0F5776D2DDF5334005F1BF4 /* Frameworks */,
				D0F5776E2DDF5334005F1BF4 /* Resources */,
				D0F577B42DDF5539005F1BF4 /* Embed Foundation Extensions */,
			);
			buildRules = (
			);
			dependencies = (
				446CC7B32EE6DF13007C2F07 /* PBXTargetDependency */,
			);
			name = boxscorewidget;
			packageProductDependencies = (
			);
			productName = gridnextapp;
			productReference = D0F577702DDF5334005F1BF4 /* boxscorewidget.app */;
			productType = "com.apple.product-type.application";
		};
		D0F5777F2DDF5336005F1BF4 /* gridnextappTests */ = {
			isa = PBXNativeTarget;
			buildConfigurationList = D0F577972DDF5336005F1BF4 /* Build configuration list for PBXNativeTarget "gridnextappTests" */;
			buildPhases = (
				D0F5777C2DDF5336005F1BF4 /* Sources */,
				D0F5777D2DDF5336005F1BF4 /* Frameworks */,
				D0F5777E2DDF5336005F1BF4 /* Resources */,
			);
			buildRules = (
			);
			dependencies = (
				D0F577822DDF5336005F1BF4 /* PBXTargetDependency */,
			);
			name = gridnextappTests;
			productName = gridnextappTests;
			productReference = D0F577802DDF5336005F1BF4 /* gridnextappTests.xctest */;
			productType = "com.apple.product-type.bundle.unit-test";
		};
		D0F577892DDF5336005F1BF4 /* gridnextappUITests */ = {
			isa = PBXNativeTarget;
			buildConfigurationList = D0F5779A2DDF5336005F1BF4 /* Build configuration list for PBXNativeTarget "gridnextappUITests" */;
			buildPhases = (
				D0F577862DDF5336005F1BF4 /* Sources */,
				D0F577872DDF5336005F1BF4 /* Frameworks */,
				D0F577882DDF5336005F1BF4 /* Resources */,
			);
			buildRules = (
			);
			dependencies = (
				D0F5778C2DDF5336005F1BF4 /* PBXTargetDependency */,
			);
			name = gridnextappUITests;
			productName = gridnextappUITests;
			productReference = D0F5778A2DDF5336005F1BF4 /* gridnextappUITests.xctest */;
			productType = "com.apple.product-type.bundle.ui-testing";
		};
/* End PBXNativeTarget section */

/* Begin PBXProject section */
		D0F577682DDF5334005F1BF4 /* Project object */ = {
			isa = PBXProject;
			attributes = {
				BuildIndependentTargetsInParallel = 1;
				LastSwiftUpdateCheck = 2600;
				LastUpgradeCheck = 2600;
				TargetAttributes = {
					446CC7A02EE6DF12007C2F07 = {
						CreatedOnToolsVersion = 26.0;
					};
					D0F5776F2DDF5334005F1BF4 = {
						CreatedOnToolsVersion = 15.2;
					};
					D0F5777F2DDF5336005F1BF4 = {
						CreatedOnToolsVersion = 15.2;
						TestTargetID = D0F5776F2DDF5334005F1BF4;
					};
					D0F577892DDF5336005F1BF4 = {
						CreatedOnToolsVersion = 15.2;
						TestTargetID = D0F5776F2DDF5334005F1BF4;
					};
				};
			};
			buildConfigurationList = D0F5776B2DDF5334005F1BF4 /* Build configuration list for PBXProject "gridnextapp" */;
			compatibilityVersion = "Xcode 14.0";
			developmentRegion = en;
			hasScannedForEncodings = 0;
			knownRegions = (
				en,
				Base,
			);
			mainGroup = D0F577672DDF5334005F1BF4;
			packageReferences = (
			);
			productRefGroup = D0F577712DDF5334005F1BF4 /* Products */;
			projectDirPath = "";
			projectRoot = "";
			targets = (
				D0F5776F2DDF5334005F1BF4 /* boxscorewidget */,
				D0F5777F2DDF5336005F1BF4 /* gridnextappTests */,
				D0F577892DDF5336005F1BF4 /* gridnextappUITests */,
				446CC7A02EE6DF12007C2F07 /* BoxScoreWidgetExtensionExtension */,
			);
		};
/* End PBXProject section */

/* Begin PBXResourcesBuildPhase section */
		446CC79F2EE6DF12007C2F07 /* Resources */ = {
			isa = PBXResourcesBuildPhase;
			buildActionMask = 2147483647;
			files = (
			);
			runOnlyForDeploymentPostprocessing = 0;
		};
		D0F5776E2DDF5334005F1BF4 /* Resources */ = {
			isa = PBXResourcesBuildPhase;
			buildActionMask = 2147483647;
			files = (
				D0F5777B2DDF5335005F1BF4 /* Preview Assets.xcassets in Resources */,
				D0F577782DDF5335005F1BF4 /* Assets.xcassets in Resources */,
				446CC79C2EE6D9FB007C2F07 /* players_db.json in Resources */,
				D05507952DF0870C00D73287 /* Fonts in Resources */,
			);
			runOnlyForDeploymentPostprocessing = 0;
		};
		D0F5777E2DDF5336005F1BF4 /* Resources */ = {
			isa = PBXResourcesBuildPhase;
			buildActionMask = 2147483647;
			files = (
			);
			runOnlyForDeploymentPostprocessing = 0;
		};
		D0F577882DDF5336005F1BF4 /* Resources */ = {
			isa = PBXResourcesBuildPhase;
			buildActionMask = 2147483647;
			files = (
			);
			runOnlyForDeploymentPostprocessing = 0;
		};
/* End PBXResourcesBuildPhase section */

/* Begin PBXSourcesBuildPhase section */
		446CC79D2EE6DF12007C2F07 /* Sources */ = {
			isa = PBXSourcesBuildPhase;
			buildActionMask = 2147483647;
			files = (
			);
			runOnlyForDeploymentPostprocessing = 0;
		};
		D0F5776C2DDF5334005F1BF4 /* Sources */ = {
			isa = PBXSourcesBuildPhase;
			buildActionMask = 2147483647;
			files = (
				D0F577DD2DE1387C005F1BF4 /* F1RaceModel.swift in Sources */,
				446CC7922EE6D9FB007C2F07 /* NBAAPIService.swift in Sources */,
				446CC7932EE6D9FB007C2F07 /* NBAModels.swift in Sources */,
				D08EA16F2DEDAEBF007D5E8D /* ConstructorIntent.intentdefinition in Sources */,
				D08EA1652DEC7EF4007D5E8D /* DriverIntent.intentdefinition in Sources */,
				D0F577C52DE13672005F1BF4 /* F1RaceView.swift in Sources */,
				D04924832DF722E5008DC731 /* SubscriptionManager.swift in Sources */,
				D08EA16A2DEC80AC007D5E8D /* DriverAppEnum.swift in Sources */,
				D04924872DF9B745008DC731 /* SubscriptionHelper.swift in Sources */,
				D0F577DC2DE1387C005F1BF4 /* F1SharedData.swift in Sources */,
				D08EA17B2DEDAFB2007D5E8D /* ConstructorAppEnum.swift in Sources */,
				D04924862DF9B745008DC731 /* PremiumWidgetView.swift in Sources */,
				D04924772DF3FB02008DC731 /* SettingsView.swift in Sources */,
				D0F577E12DE13967005F1BF4 /* F1RaceStyle.swift in Sources */,
				D0F577762DDF5334005F1BF4 /* ContentView.swift in Sources */,
				D08EA16D2DEC8FC6007D5E8D /* F1RaceWidget.swift in Sources */,
				D08EA1682DEC80AC007D5E8D /* ConfigureDriver.swift in Sources */,
				D0F577742DDF5334005F1BF4 /* gridnextappApp.swift in Sources */,
				D04924782DF3FB02008DC731 /* WidgetDetailView.swift in Sources */,
				D08EA19F2DEDDACC007D5E8D /* ConfigureConstructor.swift in Sources */,
			);
			runOnlyForDeploymentPostprocessing = 0;
		};
		D0F5777C2DDF5336005F1BF4 /* Sources */ = {
			isa = PBXSourcesBuildPhase;
			buildActionMask = 2147483647;
			files = (
				D0F577852DDF5336005F1BF4 /* gridnextappTests.swift in Sources */,
			);
			runOnlyForDeploymentPostprocessing = 0;
		};
		D0F577862DDF5336005F1BF4 /* Sources */ = {
			isa = PBXSourcesBuildPhase;
			buildActionMask = 2147483647;
			files = (
				D0F5778F2DDF5336005F1BF4 /* gridnextappUITests.swift in Sources */,
				D0F577912DDF5336005F1BF4 /* gridnextappUITestsLaunchTests.swift in Sources */,
			);
			runOnlyForDeploymentPostprocessing = 0;
		};
/* End PBXSourcesBuildPhase section */

/* Begin PBXTargetDependency section */
		446CC7B32EE6DF13007C2F07 /* PBXTargetDependency */ = {
			isa = PBXTargetDependency;
			target = 446CC7A02EE6DF12007C2F07 /* BoxScoreWidgetExtensionExtension */;
			targetProxy = 446CC7B22EE6DF13007C2F07 /* PBXContainerItemProxy */;
		};
		D0F577822DDF5336005F1BF4 /* PBXTargetDependency */ = {
			isa = PBXTargetDependency;
			target = D0F5776F2DDF5334005F1BF4 /* boxscorewidget */;
			targetProxy = D0F577812DDF5336005F1BF4 /* PBXContainerItemProxy */;
		};
		D0F5778C2DDF5336005F1BF4 /* PBXTargetDependency */ = {
			isa = PBXTargetDependency;
			target = D0F5776F2DDF5334005F1BF4 /* boxscorewidget */;
			targetProxy = D0F5778B2DDF5336005F1BF4 /* PBXContainerItemProxy */;
		};
/* End PBXTargetDependency section */

/* Begin XCBuildConfiguration section */
		446CC7B52EE6DF13007C2F07 /* Debug */ = {
			isa = XCBuildConfiguration;
			buildSettings = {
				ASSETCATALOG_COMPILER_GLOBAL_ACCENT_COLOR_NAME = AccentColor;
				ASSETCATALOG_COMPILER_WIDGET_BACKGROUND_COLOR_NAME = WidgetBackground;
				CODE_SIGN_ENTITLEMENTS = BoxScoreWidgetExtension.entitlements;
				CODE_SIGN_IDENTITY = "Apple Development";
				CODE_SIGN_STYLE = Automatic;
				CURRENT_PROJECT_VERSION = 2;
				DEVELOPMENT_TEAM = 268AG44AZA;
				GENERATE_INFOPLIST_FILE = NO;
				INFOPLIST_FILE = BoxScoreWidgetExtension/Info.plist;
				INFOPLIST_KEY_CFBundleDisplayName = BoxScore;
				INFOPLIST_KEY_NSHumanReadableCopyright = "";
				IPHONEOS_DEPLOYMENT_TARGET = 17.6;
				LD_RUNPATH_SEARCH_PATHS = (
					"$(inherited)",
					"@executable_path/Frameworks",
					"@executable_path/../../Frameworks",
				);
				MARKETING_VERSION = 1.0;
				PRODUCT_BUNDLE_IDENTIFIER = com.boxscorewidget.boxscorewidget.BoxScoreWidgetExtension;
				PRODUCT_NAME = "$(TARGET_NAME)";
				SKIP_INSTALL = YES;
				STRING_CATALOG_GENERATE_SYMBOLS = YES;
				SWIFT_APPROACHABLE_CONCURRENCY = YES;
				SWIFT_EMIT_LOC_STRINGS = YES;
				SWIFT_UPCOMING_FEATURE_MEMBER_IMPORT_VISIBILITY = YES;
				SWIFT_VERSION = 5.0;
				TARGETED_DEVICE_FAMILY = "1,2";
			};
			name = Debug;
		};
		446CC7B62EE6DF13007C2F07 /* Release */ = {
			isa = XCBuildConfiguration;
			buildSettings = {
				ASSETCATALOG_COMPILER_GLOBAL_ACCENT_COLOR_NAME = AccentColor;
				ASSETCATALOG_COMPILER_WIDGET_BACKGROUND_COLOR_NAME = WidgetBackground;
				CODE_SIGN_ENTITLEMENTS = BoxScoreWidgetExtension.entitlements;
				CODE_SIGN_IDENTITY = "Apple Development";
				CODE_SIGN_STYLE = Automatic;
				CURRENT_PROJECT_VERSION = 2;
				DEVELOPMENT_TEAM = 268AG44AZA;
				GENERATE_INFOPLIST_FILE = NO;
				INFOPLIST_FILE = BoxScoreWidgetExtension/Info.plist;
				INFOPLIST_KEY_CFBundleDisplayName = BoxScore;
				INFOPLIST_KEY_NSHumanReadableCopyright = "";
				IPHONEOS_DEPLOYMENT_TARGET = 17.6;
				LD_RUNPATH_SEARCH_PATHS = (
					"$(inherited)",
					"@executable_path/Frameworks",
					"@executable_path/../../Frameworks",
				);
				MARKETING_VERSION = 1.0;
				PRODUCT_BUNDLE_IDENTIFIER = com.boxscorewidget.boxscorewidget.BoxScoreWidgetExtension;
				PRODUCT_NAME = "$(TARGET_NAME)";
				SKIP_INSTALL = YES;
				STRING_CATALOG_GENERATE_SYMBOLS = YES;
				SWIFT_APPROACHABLE_CONCURRENCY = YES;
				SWIFT_EMIT_LOC_STRINGS = YES;
				SWIFT_UPCOMING_FEATURE_MEMBER_IMPORT_VISIBILITY = YES;
				SWIFT_VERSION = 5.0;
				TARGETED_DEVICE_FAMILY = "1,2";
			};
			name = Release;
		};
		D0F577922DDF5336005F1BF4 /* Debug */ = {
			isa = XCBuildConfiguration;
			buildSettings = {
				ALWAYS_SEARCH_USER_PATHS = NO;
				ASSETCATALOG_COMPILER_GENERATE_SWIFT_ASSET_SYMBOL_EXTENSIONS = YES;
				CLANG_ANALYZER_NONNULL = YES;
				CLANG_ANALYZER_NUMBER_OBJECT_CONVERSION = YES_AGGRESSIVE;
				CLANG_CXX_LANGUAGE_STANDARD = "gnu++20";
				CLANG_ENABLE_MODULES = YES;
				CLANG_ENABLE_OBJC_ARC = YES;
				CLANG_ENABLE_OBJC_WEAK = YES;
				CLANG_WARN_BLOCK_CAPTURE_AUTORELEASING = YES;
				CLANG_WARN_BOOL_CONVERSION = YES;
				CLANG_WARN_COMMA = YES;
				CLANG_WARN_CONSTANT_CONVERSION = YES;
				CLANG_WARN_DEPRECATED_OBJC_IMPLEMENTATIONS = YES;
				CLANG_WARN_DIRECT_OBJC_ISA_USAGE = YES_ERROR;
				CLANG_WARN_DOCUMENTATION_COMMENTS = YES;
				CLANG_WARN_EMPTY_BODY = YES;
				CLANG_WARN_ENUM_CONVERSION = YES;
				CLANG_WARN_INFINITE_RECURSION = YES;
				CLANG_WARN_INT_CONVERSION = YES;
				CLANG_WARN_NON_LITERAL_NULL_CONVERSION = YES;
				CLANG_WARN_OBJC_IMPLICIT_RETAIN_SELF = YES;
				CLANG_WARN_OBJC_LITERAL_CONVERSION = YES;
				CLANG_WARN_OBJC_ROOT_CLASS = YES_ERROR;
				CLANG_WARN_QUOTED_INCLUDE_IN_FRAMEWORK_HEADER = YES;
				CLANG_WARN_RANGE_LOOP_ANALYSIS = YES;
				CLANG_WARN_STRICT_PROTOTYPES = YES;
				CLANG_WARN_SUSPICIOUS_MOVE = YES;
				CLANG_WARN_UNGUARDED_AVAILABILITY = YES_AGGRESSIVE;
				CLANG_WARN_UNREACHABLE_CODE = YES;
				CLANG_WARN__DUPLICATE_METHOD_MATCH = YES;
				COPY_PHASE_STRIP = NO;
				DEBUG_INFORMATION_FORMAT = dwarf;
				DEVELOPMENT_TEAM = 268AG44AZA;
				ENABLE_STRICT_OBJC_MSGSEND = YES;
				ENABLE_TESTABILITY = YES;
				ENABLE_USER_SCRIPT_SANDBOXING = YES;
				GCC_C_LANGUAGE_STANDARD = gnu17;
				GCC_DYNAMIC_NO_PIC = NO;
				GCC_NO_COMMON_BLOCKS = YES;
				GCC_OPTIMIZATION_LEVEL = 0;
				GCC_PREPROCESSOR_DEFINITIONS = (
					"DEBUG=1",
					"$(inherited)",
				);
				GCC_WARN_64_TO_32_BIT_CONVERSION = YES;
				GCC_WARN_ABOUT_RETURN_TYPE = YES_ERROR;
				GCC_WARN_UNDECLARED_SELECTOR = YES;
				GCC_WARN_UNINITIALIZED_AUTOS = YES_AGGRESSIVE;
				GCC_WARN_UNUSED_FUNCTION = YES;
				GCC_WARN_UNUSED_VARIABLE = YES;
				IPHONEOS_DEPLOYMENT_TARGET = 18.0;
				LOCALIZATION_PREFERS_STRING_CATALOGS = YES;
				MTL_ENABLE_DEBUG_INFO = INCLUDE_SOURCE;
				MTL_FAST_MATH = YES;
				ONLY_ACTIVE_ARCH = YES;
				SDKROOT = iphoneos;
				STRING_CATALOG_GENERATE_SYMBOLS = YES;
				SWIFT_ACTIVE_COMPILATION_CONDITIONS = "DEBUG $(inherited)";
				SWIFT_OPTIMIZATION_LEVEL = "-Onone";
			};
			name = Debug;
		};
		D0F577932DDF5336005F1BF4 /* Release */ = {
			isa = XCBuildConfiguration;
			buildSettings = {
				ALWAYS_SEARCH_USER_PATHS = NO;
				ASSETCATALOG_COMPILER_GENERATE_SWIFT_ASSET_SYMBOL_EXTENSIONS = YES;
				CLANG_ANALYZER_NONNULL = YES;
				CLANG_ANALYZER_NUMBER_OBJECT_CONVERSION = YES_AGGRESSIVE;
				CLANG_CXX_LANGUAGE_STANDARD = "gnu++20";
				CLANG_ENABLE_MODULES = YES;
				CLANG_ENABLE_OBJC_ARC = YES;
				CLANG_ENABLE_OBJC_WEAK = YES;
				CLANG_WARN_BLOCK_CAPTURE_AUTORELEASING = YES;
				CLANG_WARN_BOOL_CONVERSION = YES;
				CLANG_WARN_COMMA = YES;
				CLANG_WARN_CONSTANT_CONVERSION = YES;
				CLANG_WARN_DEPRECATED_OBJC_IMPLEMENTATIONS = YES;
				CLANG_WARN_DIRECT_OBJC_ISA_USAGE = YES_ERROR;
				CLANG_WARN_DOCUMENTATION_COMMENTS = YES;
				CLANG_WARN_EMPTY_BODY = YES;
				CLANG_WARN_ENUM_CONVERSION = YES;
				CLANG_WARN_INFINITE_RECURSION = YES;
				CLANG_WARN_INT_CONVERSION = YES;
				CLANG_WARN_NON_LITERAL_NULL_CONVERSION = YES;
				CLANG_WARN_OBJC_IMPLICIT_RETAIN_SELF = YES;
				CLANG_WARN_OBJC_LITERAL_CONVERSION = YES;
				CLANG_WARN_OBJC_ROOT_CLASS = YES_ERROR;
				CLANG_WARN_QUOTED_INCLUDE_IN_FRAMEWORK_HEADER = YES;
				CLANG_WARN_RANGE_LOOP_ANALYSIS = YES;
				CLANG_WARN_STRICT_PROTOTYPES = YES;
				CLANG_WARN_SUSPICIOUS_MOVE = YES;
				CLANG_WARN_UNGUARDED_AVAILABILITY = YES_AGGRESSIVE;
				CLANG_WARN_UNREACHABLE_CODE = YES;
				CLANG_WARN__DUPLICATE_METHOD_MATCH = YES;
				COPY_PHASE_STRIP = NO;
				DEBUG_INFORMATION_FORMAT = "dwarf-with-dsym";
				DEVELOPMENT_TEAM = 268AG44AZA;
				ENABLE_NS_ASSERTIONS = NO;
				ENABLE_STRICT_OBJC_MSGSEND = YES;
				ENABLE_USER_SCRIPT_SANDBOXING = YES;
				GCC_C_LANGUAGE_STANDARD = gnu17;
				GCC_NO_COMMON_BLOCKS = YES;
				GCC_WARN_64_TO_32_BIT_CONVERSION = YES;
				GCC_WARN_ABOUT_RETURN_TYPE = YES_ERROR;
				GCC_WARN_UNDECLARED_SELECTOR = YES;
				GCC_WARN_UNINITIALIZED_AUTOS = YES_AGGRESSIVE;
				GCC_WARN_UNUSED_FUNCTION = YES;
				GCC_WARN_UNUSED_VARIABLE = YES;
				IPHONEOS_DEPLOYMENT_TARGET = 18.0;
				LOCALIZATION_PREFERS_STRING_CATALOGS = YES;
				MTL_ENABLE_DEBUG_INFO = NO;
				MTL_FAST_MATH = YES;
				SDKROOT = iphoneos;
				STRING_CATALOG_GENERATE_SYMBOLS = YES;
				SWIFT_COMPILATION_MODE = wholemodule;
				VALIDATE_PRODUCT = YES;
			};
			name = Release;
		};
		D0F577952DDF5336005F1BF4 /* Debug */ = {
			isa = XCBuildConfiguration;
			buildSettings = {
				ASSETCATALOG_COMPILER_APPICON_NAME = AppIcon;
				ASSETCATALOG_COMPILER_GLOBAL_ACCENT_COLOR_NAME = AccentColor;
				ASSETCATALOG_COMPILER_INCLUDE_ALL_APPICON_ASSETS = NO;
				CODE_SIGN_ENTITLEMENTS = gridnextapp/gridnextapp.entitlements;
				CODE_SIGN_IDENTITY = "Apple Development";
				CODE_SIGN_STYLE = Automatic;
				CURRENT_PROJECT_VERSION = 2;
				DEVELOPMENT_ASSET_PATHS = "\"gridnextapp/Preview Content\"";
				ENABLE_PREVIEWS = YES;
				GENERATE_INFOPLIST_FILE = YES;
				INFOPLIST_FILE = gridnextapp/Info.plist;
				INFOPLIST_KEY_CFBundleDisplayName = BoxScore;
				INFOPLIST_KEY_LSApplicationCategoryType = "public.app-category.sports";
				INFOPLIST_KEY_UIApplicationSceneManifest_Generation = YES;
				INFOPLIST_KEY_UIApplicationSupportsIndirectInputEvents = YES;
				INFOPLIST_KEY_UILaunchScreen_Generation = YES;
				INFOPLIST_KEY_UISupportedInterfaceOrientations_iPad = "UIInterfaceOrientationPortrait UIInterfaceOrientationPortraitUpsideDown UIInterfaceOrientationLandscapeLeft UIInterfaceOrientationLandscapeRight";
				INFOPLIST_KEY_UISupportedInterfaceOrientations_iPhone = "UIInterfaceOrientationPortrait UIInterfaceOrientationLandscapeLeft UIInterfaceOrientationLandscapeRight";
				IPHONEOS_DEPLOYMENT_TARGET = 17.6;
				LD_RUNPATH_SEARCH_PATHS = (
					"$(inherited)",
					"@executable_path/Frameworks",
				);
				MARKETING_VERSION = 1.1;
				PRODUCT_BUNDLE_IDENTIFIER = com.boxscorewidget.boxscorewidget;
				PRODUCT_NAME = "$(TARGET_NAME)";
				PROVISIONING_PROFILE_SPECIFIER = "";
				SUPPORTED_PLATFORMS = "iphoneos iphonesimulator";
				SUPPORTS_MACCATALYST = NO;
				SUPPORTS_MAC_DESIGNED_FOR_IPHONE_IPAD = NO;
				SUPPORTS_XR_DESIGNED_FOR_IPHONE_IPAD = NO;
				SWIFT_EMIT_LOC_STRINGS = YES;
				SWIFT_VERSION = 5.0;
				TARGETED_DEVICE_FAMILY = 1;
			};
			name = Debug;
		};
		D0F577962DDF5336005F1BF4 /* Release */ = {
			isa = XCBuildConfiguration;
			buildSettings = {
				ASSETCATALOG_COMPILER_APPICON_NAME = AppIcon;
				ASSETCATALOG_COMPILER_GLOBAL_ACCENT_COLOR_NAME = AccentColor;
				ASSETCATALOG_COMPILER_INCLUDE_ALL_APPICON_ASSETS = NO;
				CODE_SIGN_ENTITLEMENTS = gridnextapp/gridnextapp.entitlements;
				CODE_SIGN_IDENTITY = "Apple Development";
				CODE_SIGN_STYLE = Automatic;
				CURRENT_PROJECT_VERSION = 2;
				DEVELOPMENT_ASSET_PATHS = "\"gridnextapp/Preview Content\"";
				ENABLE_PREVIEWS = YES;
				GENERATE_INFOPLIST_FILE = YES;
				INFOPLIST_FILE = gridnextapp/Info.plist;
				INFOPLIST_KEY_CFBundleDisplayName = BoxScore;
				INFOPLIST_KEY_LSApplicationCategoryType = "public.app-category.sports";
				INFOPLIST_KEY_UIApplicationSceneManifest_Generation = YES;
				INFOPLIST_KEY_UIApplicationSupportsIndirectInputEvents = YES;
				INFOPLIST_KEY_UILaunchScreen_Generation = YES;
				INFOPLIST_KEY_UISupportedInterfaceOrientations_iPad = "UIInterfaceOrientationPortrait UIInterfaceOrientationPortraitUpsideDown UIInterfaceOrientationLandscapeLeft UIInterfaceOrientationLandscapeRight";
				INFOPLIST_KEY_UISupportedInterfaceOrientations_iPhone = "UIInterfaceOrientationPortrait UIInterfaceOrientationLandscapeLeft UIInterfaceOrientationLandscapeRight";
				IPHONEOS_DEPLOYMENT_TARGET = 17.6;
				LD_RUNPATH_SEARCH_PATHS = (
					"$(inherited)",
					"@executable_path/Frameworks",
				);
				MARKETING_VERSION = 1.1;
				PRODUCT_BUNDLE_IDENTIFIER = com.boxscorewidget.boxscorewidget;
				PRODUCT_NAME = "$(TARGET_NAME)";
				PROVISIONING_PROFILE_SPECIFIER = "";
				SUPPORTED_PLATFORMS = "iphoneos iphonesimulator";
				SUPPORTS_MACCATALYST = NO;
				SUPPORTS_MAC_DESIGNED_FOR_IPHONE_IPAD = NO;
				SUPPORTS_XR_DESIGNED_FOR_IPHONE_IPAD = NO;
				SWIFT_EMIT_LOC_STRINGS = YES;
				SWIFT_VERSION = 5.0;
				TARGETED_DEVICE_FAMILY = 1;
			};
			name = Release;
		};
		D0F577982DDF5336005F1BF4 /* Debug */ = {
			isa = XCBuildConfiguration;
			buildSettings = {
				BUNDLE_LOADER = "$(TEST_HOST)";
				CODE_SIGN_STYLE = Automatic;
				CURRENT_PROJECT_VERSION = 2;
				GENERATE_INFOPLIST_FILE = YES;
				IPHONEOS_DEPLOYMENT_TARGET = 18.0;
				MARKETING_VERSION = 1.1;
				PRODUCT_BUNDLE_IDENTIFIER = com.boxscorewidget.gridnextappTests;
				PRODUCT_NAME = "$(TARGET_NAME)";
				SUPPORTED_PLATFORMS = "iphoneos iphonesimulator";
				SUPPORTS_MACCATALYST = NO;
				SUPPORTS_MAC_DESIGNED_FOR_IPHONE_IPAD = NO;
				SUPPORTS_XR_DESIGNED_FOR_IPHONE_IPAD = NO;
				SWIFT_EMIT_LOC_STRINGS = NO;
				SWIFT_VERSION = 5.0;
				TARGETED_DEVICE_FAMILY = 1;
				TEST_HOST = "$(BUILT_PRODUCTS_DIR)/gridnextapp.app/$(BUNDLE_EXECUTABLE_FOLDER_PATH)/gridnextapp";
			};
			name = Debug;
		};
		D0F577992DDF5336005F1BF4 /* Release */ = {
			isa = XCBuildConfiguration;
			buildSettings = {
				BUNDLE_LOADER = "$(TEST_HOST)";
				CODE_SIGN_STYLE = Automatic;
				CURRENT_PROJECT_VERSION = 2;
				GENERATE_INFOPLIST_FILE = YES;
				IPHONEOS_DEPLOYMENT_TARGET = 18.0;
				MARKETING_VERSION = 1.1;
				PRODUCT_BUNDLE_IDENTIFIER = com.boxscorewidget.gridnextappTests;
				PRODUCT_NAME = "$(TARGET_NAME)";
				SUPPORTED_PLATFORMS = "iphoneos iphonesimulator";
				SUPPORTS_MACCATALYST = NO;
				SUPPORTS_MAC_DESIGNED_FOR_IPHONE_IPAD = NO;
				SUPPORTS_XR_DESIGNED_FOR_IPHONE_IPAD = NO;
				SWIFT_EMIT_LOC_STRINGS = NO;
				SWIFT_VERSION = 5.0;
				TARGETED_DEVICE_FAMILY = 1;
				TEST_HOST = "$(BUILT_PRODUCTS_DIR)/gridnextapp.app/$(BUNDLE_EXECUTABLE_FOLDER_PATH)/gridnextapp";
			};
			name = Release;
		};
		D0F5779B2DDF5336005F1BF4 /* Debug */ = {
			isa = XCBuildConfiguration;
			buildSettings = {
				CODE_SIGN_STYLE = Automatic;
				CURRENT_PROJECT_VERSION = 2;
				GENERATE_INFOPLIST_FILE = YES;
				MARKETING_VERSION = 1.1;
				PRODUCT_BUNDLE_IDENTIFIER = com.boxscorewidget.gridnextappUITests;
				PRODUCT_NAME = "$(TARGET_NAME)";
				SUPPORTED_PLATFORMS = "iphoneos iphonesimulator";
				SUPPORTS_MACCATALYST = NO;
				SUPPORTS_MAC_DESIGNED_FOR_IPHONE_IPAD = NO;
				SUPPORTS_XR_DESIGNED_FOR_IPHONE_IPAD = NO;
				SWIFT_EMIT_LOC_STRINGS = NO;
				SWIFT_VERSION = 5.0;
				TARGETED_DEVICE_FAMILY = 1;
				TEST_TARGET_NAME = gridnextapp;
			};
			name = Debug;
		};
		D0F5779C2DDF5336005F1BF4 /* Release */ = {
			isa = XCBuildConfiguration;
			buildSettings = {
				CODE_SIGN_STYLE = Automatic;
				CURRENT_PROJECT_VERSION = 2;
				GENERATE_INFOPLIST_FILE = YES;
				MARKETING_VERSION = 1.1;
				PRODUCT_BUNDLE_IDENTIFIER = com.boxscorewidget.gridnextappUITests;
				PRODUCT_NAME = "$(TARGET_NAME)";
				SUPPORTED_PLATFORMS = "iphoneos iphonesimulator";
				SUPPORTS_MACCATALYST = NO;
				SUPPORTS_MAC_DESIGNED_FOR_IPHONE_IPAD = NO;
				SUPPORTS_XR_DESIGNED_FOR_IPHONE_IPAD = NO;
				SWIFT_EMIT_LOC_STRINGS = NO;
				SWIFT_VERSION = 5.0;
				TARGETED_DEVICE_FAMILY = 1;
				TEST_TARGET_NAME = gridnextapp;
			};
			name = Release;
		};
/* End XCBuildConfiguration section */

/* Begin XCConfigurationList section */
		446CC7B82EE6DF13007C2F07 /* Build configuration list for PBXNativeTarget "BoxScoreWidgetExtensionExtension" */ = {
			isa = XCConfigurationList;
			buildConfigurations = (
				446CC7B52EE6DF13007C2F07 /* Debug */,
				446CC7B62EE6DF13007C2F07 /* Release */,
			);
			defaultConfigurationIsVisible = 0;
			defaultConfigurationName = Release;
		};
		D0F5776B2DDF5334005F1BF4 /* Build configuration list for PBXProject "gridnextapp" */ = {
			isa = XCConfigurationList;
			buildConfigurations = (
				D0F577922DDF5336005F1BF4 /* Debug */,
				D0F577932DDF5336005F1BF4 /* Release */,
			);
			defaultConfigurationIsVisible = 0;
			defaultConfigurationName = Release;
		};
		D0F577942DDF5336005F1BF4 /* Build configuration list for PBXNativeTarget "boxscorewidget" */ = {
			isa = XCConfigurationList;
			buildConfigurations = (
				D0F577952DDF5336005F1BF4 /* Debug */,
				D0F577962DDF5336005F1BF4 /* Release */,
			);
			defaultConfigurationIsVisible = 0;
			defaultConfigurationName = Release;
		};
		D0F577972DDF5336005F1BF4 /* Build configuration list for PBXNativeTarget "gridnextappTests" */ = {
			isa = XCConfigurationList;
			buildConfigurations = (
				D0F577982DDF5336005F1BF4 /* Debug */,
				D0F577992DDF5336005F1BF4 /* Release */,
			);
			defaultConfigurationIsVisible = 0;
			defaultConfigurationName = Release;
		};
		D0F5779A2DDF5336005F1BF4 /* Build configuration list for PBXNativeTarget "gridnextappUITests" */ = {
			isa = XCConfigurationList;
			buildConfigurations = (
				D0F5779B2DDF5336005F1BF4 /* Debug */,
				D0F5779C2DDF5336005F1BF4 /* Release */,
			);
			defaultConfigurationIsVisible = 0;
			defaultConfigurationName = Release;
		};
/* End XCConfigurationList section */
	};
	rootObject = D0F577682DDF5334005F1BF4 /* Project object */;
}
